Microsoft Visual Studio Solution File, Format Version 12.00
# Visual Studio Version 17
VisualStudioVersion = 17.4.33122.133
MinimumVisualStudioVersion = 10.0.40219.1
Project("{9A19103F-16F7-4668-BE54-9A1E7A4F7556}") = "CustomizationObjectModel", "CustomizationObjectModel\CustomizationObjectModel.csproj", "{261A7656-C235-4BE3-A66B-6BAA46413B40}"
EndProject
Project("{9A19103F-16F7-4668-BE54-9A1E7A4F7556}") = "CustomizationTasks", "CustomizationTasks\CustomizationTasks.csproj", "{EBE25653-E355-4486-B681-E0387EAFFBF6}"
EndProject
Project("{FAE04EC0-301F-11D3-BF4B-00C04F79EFBC}") = "CustomizationWebApi", "CustomizationWebApi\CustomizationWebApi.csproj", "{22D8D82E-4C89-43D1-823B-B262BF43419C}"
EndProject
Global
	GlobalSection(SolutionConfigurationPlatforms) = preSolution
		Debug|Any CPU = Debug|Any CPU
		Release|Any CPU = Release|Any CPU
	EndGlobalSection
	GlobalSection(ProjectConfigurationPlatforms) = postSolution
		{261A7656-C235-4BE3-A66B-6BAA46413B40}.Debug|Any CPU.ActiveCfg = Debug|Any CPU
		{261A7656-C235-4BE3-A66B-6BAA46413B40}.Debug|Any CPU.Build.0 = Debug|Any CPU
		{261A7656-C235-4BE3-A66B-6BAA46413B40}.Release|Any CPU.ActiveCfg = Release|Any CPU
		{261A7656-C235-4BE3-A66B-6BAA46413B40}.Release|Any CPU.Build.0 = Release|Any CPU
		{EBE25653-E355-4486-B681-E0387EAFFBF6}.Debug|Any CPU.ActiveCfg = Debug|Any CPU
		{EBE25653-E355-4486-B681-E0387EAFFBF6}.Debug|Any CPU.Build.0 = Debug|Any CPU
		{EBE25653-E355-4486-B681-E0387EAFFBF6}.Release|Any CPU.ActiveCfg = Release|Any CPU
		{EBE25653-E355-4486-B681-E0387EAFFBF6}.Release|Any CPU.Build.0 = Release|Any CPU
		{22D8D82E-4C89-43D1-823B-B262BF43419C}.Debug|Any CPU.ActiveCfg = Debug|Any CPU
		{22D8D82E-4C89-43D1-823B-B262BF43419C}.Debug|Any CPU.Build.0 = Debug|Any CPU
		{22D8D82E-4C89-43D1-823B-B262BF43419C}.Release|Any CPU.ActiveCfg = Release|Any CPU
		{22D8D82E-4C89-43D1-823B-B262BF43419C}.Release|Any CPU.Build.0 = Release|Any CPU
	EndGlobalSection
	GlobalSection(SolutionProperties) = preSolution
		HideSolutionNode = FALSE
	EndGlobalSection
	GlobalSection(ExtensibilityGlobals) = postSolution
		SolutionGuid = {87B371DB-2638-4D2B-9074-9EC9D84E9E41}
	EndGlobalSection
EndGlobal
